
Microsoft Visual Studio Solution File, Format Version 12.00
# Visual Studio Version 16
VisualStudioVersion = 16.0.30204.135
MinimumVisualStudioVersion = 10.0.40219.1
Project("{FAE04EC0-301F-11D3-BF4B-00C04F79EFBC}") = "RealEstateAgencyCS", "RealEstateAgencyCS\RealEstateAgencyCS.csproj", "{4C483C79-C080-41F2-981A-E17A49B63655}"
EndProject
Global
	GlobalSection(SolutionConfigurationPlatforms) = preSolution
		Debug|Any CPU = Debug|Any CPU
		Release|Any CPU = Release|Any CPU
	EndGlobalSection
	GlobalSection(ProjectConfigurationPlatforms) = postSolution
		{4C483C79-C080-41F2-981A-E17A49B63655}.Debug|Any CPU.ActiveCfg = Debug|Any CPU
		{4C483C79-C080-41F2-981A-E17A49B63655}.Debug|Any CPU.Build.0 = Debug|Any CPU
		{4C483C79-C080-41F2-981A-E17A49B63655}.Release|Any CPU.ActiveCfg = Release|Any CPU
		{4C483C79-C080-41F2-981A-E17A49B63655}.Release|Any CPU.Build.0 = Release|Any CPU
	EndGlobalSection
	GlobalSection(SolutionProperties) = preSolution
		HideSolutionNode = FALSE
	EndGlobalSection
	GlobalSection(ExtensibilityGlobals) = postSolution
		SolutionGuid = {9F3FDF8B-4075-4DCA-85E6-BEB9E59871B6}
	EndGlobalSection
EndGlobal
